
Microsoft Visual Studio Solution File, Format Version 12.00
# Visual Studio Version 16
VisualStudioVersion = 16.0.29209.62
MinimumVisualStudioVersion = 10.0.40219.1
Project("{FAE04EC0-301F-11D3-BF4B-00C04F79EFBC}") = "FootballClubMS", "FootballClubMS.csproj", "{5622B87A-CD04-4351-B3F4-C5AB8848DAB2}"
EndProject
Global
	GlobalSection(SolutionConfigurationPlatforms) = preSolution
		Debug|Any CPU = Debug|Any CPU
		Release|Any CPU = Release|Any CPU
	EndGlobalSection
	GlobalSection(ProjectConfigurationPlatforms) = postSolution
		{5622B87A-CD04-4351-B3F4-C5AB8848DAB2}.Debug|Any CPU.ActiveCfg = Debug|Any CPU
		{5622B87A-CD04-4351-B3F4-C5AB8848DAB2}.Debug|Any CPU.Build.0 = Debug|Any CPU
		{5622B87A-CD04-4351-B3F4-C5AB8848DAB2}.Release|Any CPU.ActiveCfg = Release|Any CPU
		{5622B87A-CD04-4351-B3F4-C5AB8848DAB2}.Release|Any CPU.Build.0 = Release|Any CPU
	EndGlobalSection
	GlobalSection(SolutionProperties) = preSolution
		HideSolutionNode = FALSE
	EndGlobalSection
	GlobalSection(ExtensibilityGlobals) = postSolution
		SolutionGuid = {555A7D91-E2D5-4B21-A4A6-F60B07C8CBB6}
	EndGlobalSection
EndGlobal
